
Microsoft Visual Studio Solution File, Format Version 12.00
# Visual Studio 15
VisualStudioVersion = 15.0.28307.489
MinimumVisualStudioVersion = 10.0.40219.1
Project("{FAE04EC0-301F-11D3-BF4B-00C04F79EFBC}") = "CountriesGo.Domain", "CountriesGo.Domain\CountriesGo.Domain.csproj", "{2A64CDF1-99E9-4F88-A27C-FF0C85931F14}"
EndProject
Global
	GlobalSection(SolutionConfigurationPlatforms) = preSolution
		Debug|Any CPU = Debug|Any CPU
		Release|Any CPU = Release|Any CPU
	EndGlobalSection
	GlobalSection(ProjectConfigurationPlatforms) = postSolution
		{2A64CDF1-99E9-4F88-A27C-FF0C85931F14}.Debug|Any CPU.ActiveCfg = Debug|Any CPU
		{2A64CDF1-99E9-4F88-A27C-FF0C85931F14}.Debug|Any CPU.Build.0 = Debug|Any CPU
		{2A64CDF1-99E9-4F88-A27C-FF0C85931F14}.Release|Any CPU.ActiveCfg = Release|Any CPU
		{2A64CDF1-99E9-4F88-A27C-FF0C85931F14}.Release|Any CPU.Build.0 = Release|Any CPU
	EndGlobalSection
	GlobalSection(SolutionProperties) = preSolution
		HideSolutionNode = FALSE
	EndGlobalSection
	GlobalSection(ExtensibilityGlobals) = postSolution
		SolutionGuid = {56CF842C-F51C-4C8D-A0F0-37AD21978756}
	EndGlobalSection
EndGlobal
